
Microsoft Visual Studio Solution File, Format Version 12.00
Project("{FAE04EC0-301F-11D3-BF4B-00C04F79EFBC}") = "MbDevelopment.Eden.Core", "MbDevelopment.Eden.Core\MbDevelopment.Eden.Core.csproj", "{541030CB-92E5-494D-BCB0-704E96CE6639}"
EndProject
Project("{FAE04EC0-301F-11D3-BF4B-00C04F79EFBC}") = "MbDevelopment.Eden.BotanicalAPI", "MbDevelopment.Eden.BotanicalAPI\MbDevelopment.Eden.BotanicalAPI.csproj", "{A1D12C7A-B7B9-4ECB-8A55-7697FDFFF157}"
EndProject
Project("{FAE04EC0-301F-11D3-BF4B-00C04F79EFBC}") = "MbDevelopment.Eden.DataAccess", "MbDevelopment.Eden.DataAccess\MbDevelopment.Eden.DataAccess.csproj", "{C98D5A1E-924E-44A3-A633-7D5BA4578CA0}"
EndProject
Project("{FAE04EC0-301F-11D3-BF4B-00C04F79EFBC}") = "MbDevelopment.Eden.Contracts", "MbDevelopment.Eden.Contracts\MbDevelopment.Eden.Contracts.csproj", "{B17C42E7-EC88-450C-850B-29DE633003C2}"
EndProject
Global
	GlobalSection(SolutionConfigurationPlatforms) = preSolution
		Debug|Any CPU = Debug|Any CPU
		Release|Any CPU = Release|Any CPU
	EndGlobalSection
	GlobalSection(ProjectConfigurationPlatforms) = postSolution
		{541030CB-92E5-494D-BCB0-704E96CE6639}.Debug|Any CPU.ActiveCfg = Debug|Any CPU
		{541030CB-92E5-494D-BCB0-704E96CE6639}.Debug|Any CPU.Build.0 = Debug|Any CPU
		{541030CB-92E5-494D-BCB0-704E96CE6639}.Release|Any CPU.ActiveCfg = Release|Any CPU
		{541030CB-92E5-494D-BCB0-704E96CE6639}.Release|Any CPU.Build.0 = Release|Any CPU
		{A1D12C7A-B7B9-4ECB-8A55-7697FDFFF157}.Debug|Any CPU.ActiveCfg = Debug|Any CPU
		{A1D12C7A-B7B9-4ECB-8A55-7697FDFFF157}.Debug|Any CPU.Build.0 = Debug|Any CPU
		{A1D12C7A-B7B9-4ECB-8A55-7697FDFFF157}.Release|Any CPU.ActiveCfg = Release|Any CPU
		{A1D12C7A-B7B9-4ECB-8A55-7697FDFFF157}.Release|Any CPU.Build.0 = Release|Any CPU
		{C98D5A1E-924E-44A3-A633-7D5BA4578CA0}.Debug|Any CPU.ActiveCfg = Debug|Any CPU
		{C98D5A1E-924E-44A3-A633-7D5BA4578CA0}.Debug|Any CPU.Build.0 = Debug|Any CPU
		{C98D5A1E-924E-44A3-A633-7D5BA4578CA0}.Release|Any CPU.ActiveCfg = Release|Any CPU
		{C98D5A1E-924E-44A3-A633-7D5BA4578CA0}.Release|Any CPU.Build.0 = Release|Any CPU
		{B17C42E7-EC88-450C-850B-29DE633003C2}.Debug|Any CPU.ActiveCfg = Debug|Any CPU
		{B17C42E7-EC88-450C-850B-29DE633003C2}.Debug|Any CPU.Build.0 = Debug|Any CPU
		{B17C42E7-EC88-450C-850B-29DE633003C2}.Release|Any CPU.ActiveCfg = Release|Any CPU
		{B17C42E7-EC88-450C-850B-29DE633003C2}.Release|Any CPU.Build.0 = Release|Any CPU
	EndGlobalSection
EndGlobal
